
Microsoft Visual Studio Solution File, Format Version 12.00
# Visual Studio Version 17
VisualStudioVersion = 17.12.35707.178
MinimumVisualStudioVersion = 10.0.40219.1
Project("{FAE04EC0-301F-11D3-BF4B-00C04F79EFBC}") = "AndrewM5.DevKit.Core", "src\AndrewM5.DevKit.Core\AndrewM5.DevKit.Core.csproj", "{814C760B-813D-4C15-8885-C419A17B5B19}"
EndProject
Project("{FAE04EC0-301F-11D3-BF4B-00C04F79EFBC}") = "AndrewM5.DevKit.CustomLogger", "src\AndrewM5.DevKit.CustomLogger\AndrewM5.DevKit.CustomLogger.csproj", "{F32EFB1C-CFCA-4ED7-B5B2-1BD8718BFAF3}"
EndProject
Project("{FAE04EC0-301F-11D3-BF4B-00C04F79EFBC}") = "AndrewM5.DevKit.ApiClientManagement", "src\AndrewM5.DevKit.ApiClientManagement\AndrewM5.DevKit.ApiClientManagement.csproj", "{87133A8B-AFAD-447A-806F-D8024BDF390D}"
EndProject
Project("{FAE04EC0-301F-11D3-BF4B-00C04F79EFBC}") = "AndrewM5.DevKit.SqlClientManagement", "src\AndrewM5.DevKit.SqlClientManagement\AndrewM5.DevKit.SqlClientManagement.csproj", "{56FE305E-40D7-43BD-9937-146A5F524A9C}"
EndProject
Project("{FAE04EC0-301F-11D3-BF4B-00C04F79EFBC}") = "AndrewM5.DevKit.ProcessLauncher", "src\AndrewM5.DevKit.ProcessLauncher\AndrewM5.DevKit.ProcessLauncher.csproj", "{87E521E9-C31D-426E-88FD-167AB128E798}"
EndProject
Project("{FAE04EC0-301F-11D3-BF4B-00C04F79EFBC}") = "TestApp", "samples\TestApp\TestApp.csproj", "{AF696F54-F789-4F37-8672-2CBE6FB0E98C}"
EndProject
Project("{FAE04EC0-301F-11D3-BF4B-00C04F79EFBC}") = "AndrewM5.DevKit.ThreadLocks", "src\AndrewM5.DevKit.ThreadLocks\AndrewM5.DevKit.ThreadLocks.csproj", "{231CC5FE-BD5A-48C3-BAFF-EBEF2EAF47BF}"
EndProject
Project("{FAE04EC0-301F-11D3-BF4B-00C04F79EFBC}") = "AndrewM5.DevKit.TaskManagement", "src\AndrewM5.DevKit.TaskManagement\AndrewM5.DevKit.TaskManagement.csproj", "{1A88B2AD-B4EB-411A-A56C-FCB2F39FEDFF}"
EndProject
Project("{FAE04EC0-301F-11D3-BF4B-00C04F79EFBC}") = "AndrewM5.DevKit.CustomLogger.Flusher", "src\AndrewM5.DevKit.CustomLogger.Flusher\AndrewM5.DevKit.CustomLogger.Flusher.csproj", "{8A4562E1-78E7-C177-99CF-D382E56DA76B}"
EndProject
Project("{FAE04EC0-301F-11D3-BF4B-00C04F79EFBC}") = "AndrewM5.DevKit.ThreadSafeItems", "src\AndrewM5.DevKit.ThreadSafeItems\AndrewM5.DevKit.ThreadSafeItems.csproj", "{4801EBCA-71A8-4315-B8E3-C70FDFB51BFF}"
EndProject
Project("{FAE04EC0-301F-11D3-BF4B-00C04F79EFBC}") = "AndrewM5.DevKit.CredentialManagement", "src\AndrewM5.DevKit.CredentialManagement\AndrewM5.DevKit.CredentialManagement.csproj", "{250707CF-9820-43BD-B0BB-76D34844116A}"
EndProject
Project("{FAE04EC0-301F-11D3-BF4B-00C04F79EFBC}") = "AndrewM5.DevKit.ApiClientManagement.Contracts", "src\AndrewM5.DevKit.ApiClientManagement.Contracts\AndrewM5.DevKit.ApiClientManagement.Contracts.csproj", "{03708538-C935-D545-0CA8-F06AB1772AB4}"
EndProject
Project("{FAE04EC0-301F-11D3-BF4B-00C04F79EFBC}") = "AndrewM5.DevKit.CredentialManagement.Contracts", "src\AndrewM5.DevKit.CredentialManagement.Contracts\AndrewM5.DevKit.CredentialManagement.Contracts.csproj", "{C90B7F4D-E900-11DE-0E79-5456DFC0FA1D}"
EndProject
Project("{FAE04EC0-301F-11D3-BF4B-00C04F79EFBC}") = "AndrewM5.DevKit.CustomLogger.Contracts", "src\AndrewM5.DevKit.CustomLogger.Contracts\AndrewM5.DevKit.CustomLogger.Contracts.csproj", "{37DF5B7F-3851-729F-6ABD-647E26FBB1BC}"
EndProject
Project("{FAE04EC0-301F-11D3-BF4B-00C04F79EFBC}") = "AndrewM5.DevKit.ProcessLauncher.Contracts", "src\AndrewM5.DevKit.ProcessLauncher.Contracts\AndrewM5.DevKit.ProcessLauncher.Contracts.csproj", "{551AF839-B035-4D84-806C-ACD3C2A03AB5}"
EndProject
Project("{FAE04EC0-301F-11D3-BF4B-00C04F79EFBC}") = "AndrewM5.DevKit.SqlClientManagement.Contracts", "src\AndrewM5.DevKit.SqlClientManagement.Contracts\AndrewM5.DevKit.SqlClientManagement.Contracts.csproj", "{0DAB595E-A959-F18B-410C-19A3B9A2215D}"
EndProject
Project("{FAE04EC0-301F-11D3-BF4B-00C04F79EFBC}") = "AndrewM5.DevKit.TaskManagement.Contracts", "src\AndrewM5.DevKit.TaskManagement.Contracts\AndrewM5.DevKit.TaskManagement.Contracts.csproj", "{6D0B9FB7-17C9-0BA9-3F66-69EFFB30AE3B}"
EndProject
Project("{FAE04EC0-301F-11D3-BF4B-00C04F79EFBC}") = "AndrewM5.DevKit.ThreadLocks.Contracts", "src\AndrewM5.DevKit.ThreadLocks.Contracts\AndrewM5.DevKit.ThreadLocks.Contracts.csproj", "{E746040F-4BEB-579C-D74E-2B3EFAA94BEF}"
EndProject
Project("{2150E333-8FDC-42A3-9474-1A3956D46DE8}") = "Solution Items", "Solution Items", "{8EC462FD-D22E-90A8-E5CE-7E832BA40C5D}"
	ProjectSection(SolutionItems) = preProject
		AndrewM5.DevKit.sln.licenseheader = AndrewM5.DevKit.sln.licenseheader
		src\Directory.Build.props = src\Directory.Build.props
		LICENSE = LICENSE
	EndProjectSection
EndProject
Global
	GlobalSection(SolutionConfigurationPlatforms) = preSolution
		Debug|Any CPU = Debug|Any CPU
		Release|Any CPU = Release|Any CPU
	EndGlobalSection
	GlobalSection(ProjectConfigurationPlatforms) = postSolution
		{814C760B-813D-4C15-8885-C419A17B5B19}.Debug|Any CPU.ActiveCfg = Debug|Any CPU
		{814C760B-813D-4C15-8885-C419A17B5B19}.Debug|Any CPU.Build.0 = Debug|Any CPU
		{814C760B-813D-4C15-8885-C419A17B5B19}.Release|Any CPU.ActiveCfg = Release|Any CPU
		{814C760B-813D-4C15-8885-C419A17B5B19}.Release|Any CPU.Build.0 = Release|Any CPU
		{F32EFB1C-CFCA-4ED7-B5B2-1BD8718BFAF3}.Debug|Any CPU.ActiveCfg = Debug|Any CPU
		{F32EFB1C-CFCA-4ED7-B5B2-1BD8718BFAF3}.Debug|Any CPU.Build.0 = Debug|Any CPU
		{F32EFB1C-CFCA-4ED7-B5B2-1BD8718BFAF3}.Release|Any CPU.ActiveCfg = Release|Any CPU
		{F32EFB1C-CFCA-4ED7-B5B2-1BD8718BFAF3}.Release|Any CPU.Build.0 = Release|Any CPU
		{87133A8B-AFAD-447A-806F-D8024BDF390D}.Debug|Any CPU.ActiveCfg = Debug|Any CPU
		{87133A8B-AFAD-447A-806F-D8024BDF390D}.Debug|Any CPU.Build.0 = Debug|Any CPU
		{87133A8B-AFAD-447A-806F-D8024BDF390D}.Release|Any CPU.ActiveCfg = Release|Any CPU
		{87133A8B-AFAD-447A-806F-D8024BDF390D}.Release|Any CPU.Build.0 = Release|Any CPU
		{56FE305E-40D7-43BD-9937-146A5F524A9C}.Debug|Any CPU.ActiveCfg = Debug|Any CPU
		{56FE305E-40D7-43BD-9937-146A5F524A9C}.Debug|Any CPU.Build.0 = Debug|Any CPU
		{56FE305E-40D7-43BD-9937-146A5F524A9C}.Release|Any CPU.ActiveCfg = Release|Any CPU
		{56FE305E-40D7-43BD-9937-146A5F524A9C}.Release|Any CPU.Build.0 = Release|Any CPU
		{87E521E9-C31D-426E-88FD-167AB128E798}.Debug|Any CPU.ActiveCfg = Debug|Any CPU
		{87E521E9-C31D-426E-88FD-167AB128E798}.Debug|Any CPU.Build.0 = Debug|Any CPU
		{87E521E9-C31D-426E-88FD-167AB128E798}.Release|Any CPU.ActiveCfg = Release|Any CPU
		{87E521E9-C31D-426E-88FD-167AB128E798}.Release|Any CPU.Build.0 = Release|Any CPU
		{AF696F54-F789-4F37-8672-2CBE6FB0E98C}.Debug|Any CPU.ActiveCfg = Debug|Any CPU
		{AF696F54-F789-4F37-8672-2CBE6FB0E98C}.Debug|Any CPU.Build.0 = Debug|Any CPU
		{AF696F54-F789-4F37-8672-2CBE6FB0E98C}.Release|Any CPU.ActiveCfg = Release|Any CPU
		{AF696F54-F789-4F37-8672-2CBE6FB0E98C}.Release|Any CPU.Build.0 = Release|Any CPU
		{231CC5FE-BD5A-48C3-BAFF-EBEF2EAF47BF}.Debug|Any CPU.ActiveCfg = Debug|Any CPU
		{231CC5FE-BD5A-48C3-BAFF-EBEF2EAF47BF}.Debug|Any CPU.Build.0 = Debug|Any CPU
		{231CC5FE-BD5A-48C3-BAFF-EBEF2EAF47BF}.Release|Any CPU.ActiveCfg = Release|Any CPU
		{231CC5FE-BD5A-48C3-BAFF-EBEF2EAF47BF}.Release|Any CPU.Build.0 = Release|Any CPU
		{1A88B2AD-B4EB-411A-A56C-FCB2F39FEDFF}.Debug|Any CPU.ActiveCfg = Debug|Any CPU
		{1A88B2AD-B4EB-411A-A56C-FCB2F39FEDFF}.Debug|Any CPU.Build.0 = Debug|Any CPU
		{1A88B2AD-B4EB-411A-A56C-FCB2F39FEDFF}.Release|Any CPU.ActiveCfg = Release|Any CPU
		{1A88B2AD-B4EB-411A-A56C-FCB2F39FEDFF}.Release|Any CPU.Build.0 = Release|Any CPU
		{8A4562E1-78E7-C177-99CF-D382E56DA76B}.Debug|Any CPU.ActiveCfg = Debug|Any CPU
		{8A4562E1-78E7-C177-99CF-D382E56DA76B}.Debug|Any CPU.Build.0 = Debug|Any CPU
		{8A4562E1-78E7-C177-99CF-D382E56DA76B}.Release|Any CPU.ActiveCfg = Release|Any CPU
		{8A4562E1-78E7-C177-99CF-D382E56DA76B}.Release|Any CPU.Build.0 = Release|Any CPU
		{4801EBCA-71A8-4315-B8E3-C70FDFB51BFF}.Debug|Any CPU.ActiveCfg = Debug|Any CPU
		{4801EBCA-71A8-4315-B8E3-C70FDFB51BFF}.Debug|Any CPU.Build.0 = Debug|Any CPU
		{4801EBCA-71A8-4315-B8E3-C70FDFB51BFF}.Release|Any CPU.ActiveCfg = Release|Any CPU
		{4801EBCA-71A8-4315-B8E3-C70FDFB51BFF}.Release|Any CPU.Build.0 = Release|Any CPU
		{250707CF-9820-43BD-B0BB-76D34844116A}.Debug|Any CPU.ActiveCfg = Debug|Any CPU
		{250707CF-9820-43BD-B0BB-76D34844116A}.Debug|Any CPU.Build.0 = Debug|Any CPU
		{250707CF-9820-43BD-B0BB-76D34844116A}.Release|Any CPU.ActiveCfg = Release|Any CPU
		{250707CF-9820-43BD-B0BB-76D34844116A}.Release|Any CPU.Build.0 = Release|Any CPU
		{03708538-C935-D545-0CA8-F06AB1772AB4}.Debug|Any CPU.ActiveCfg = Debug|Any CPU
		{03708538-C935-D545-0CA8-F06AB1772AB4}.Debug|Any CPU.Build.0 = Debug|Any CPU
		{03708538-C935-D545-0CA8-F06AB1772AB4}.Release|Any CPU.ActiveCfg = Release|Any CPU
		{03708538-C935-D545-0CA8-F06AB1772AB4}.Release|Any CPU.Build.0 = Release|Any CPU
		{C90B7F4D-E900-11DE-0E79-5456DFC0FA1D}.Debug|Any CPU.ActiveCfg = Debug|Any CPU
		{C90B7F4D-E900-11DE-0E79-5456DFC0FA1D}.Debug|Any CPU.Build.0 = Debug|Any CPU
		{C90B7F4D-E900-11DE-0E79-5456DFC0FA1D}.Release|Any CPU.ActiveCfg = Release|Any CPU
		{C90B7F4D-E900-11DE-0E79-5456DFC0FA1D}.Release|Any CPU.Build.0 = Release|Any CPU
		{37DF5B7F-3851-729F-6ABD-647E26FBB1BC}.Debug|Any CPU.ActiveCfg = Debug|Any CPU
		{37DF5B7F-3851-729F-6ABD-647E26FBB1BC}.Debug|Any CPU.Build.0 = Debug|Any CPU
		{37DF5B7F-3851-729F-6ABD-647E26FBB1BC}.Release|Any CPU.ActiveCfg = Release|Any CPU
		{37DF5B7F-3851-729F-6ABD-647E26FBB1BC}.Release|Any CPU.Build.0 = Release|Any CPU
		{551AF839-B035-4D84-806C-ACD3C2A03AB5}.Debug|Any CPU.ActiveCfg = Debug|Any CPU
		{551AF839-B035-4D84-806C-ACD3C2A03AB5}.Debug|Any CPU.Build.0 = Debug|Any CPU
		{551AF839-B035-4D84-806C-ACD3C2A03AB5}.Release|Any CPU.ActiveCfg = Release|Any CPU
		{551AF839-B035-4D84-806C-ACD3C2A03AB5}.Release|Any CPU.Build.0 = Release|Any CPU
		{0DAB595E-A959-F18B-410C-19A3B9A2215D}.Debug|Any CPU.ActiveCfg = Debug|Any CPU
		{0DAB595E-A959-F18B-410C-19A3B9A2215D}.Debug|Any CPU.Build.0 = Debug|Any CPU
		{0DAB595E-A959-F18B-410C-19A3B9A2215D}.Release|Any CPU.ActiveCfg = Release|Any CPU
		{0DAB595E-A959-F18B-410C-19A3B9A2215D}.Release|Any CPU.Build.0 = Release|Any CPU
		{6D0B9FB7-17C9-0BA9-3F66-69EFFB30AE3B}.Debug|Any CPU.ActiveCfg = Debug|Any CPU
		{6D0B9FB7-17C9-0BA9-3F66-69EFFB30AE3B}.Debug|Any CPU.Build.0 = Debug|Any CPU
		{6D0B9FB7-17C9-0BA9-3F66-69EFFB30AE3B}.Release|Any CPU.ActiveCfg = Release|Any CPU
		{6D0B9FB7-17C9-0BA9-3F66-69EFFB30AE3B}.Release|Any CPU.Build.0 = Release|Any CPU
		{E746040F-4BEB-579C-D74E-2B3EFAA94BEF}.Debug|Any CPU.ActiveCfg = Debug|Any CPU
		{E746040F-4BEB-579C-D74E-2B3EFAA94BEF}.Debug|Any CPU.Build.0 = Debug|Any CPU
		{E746040F-4BEB-579C-D74E-2B3EFAA94BEF}.Release|Any CPU.ActiveCfg = Release|Any CPU
		{E746040F-4BEB-579C-D74E-2B3EFAA94BEF}.Release|Any CPU.Build.0 = Release|Any CPU
	EndGlobalSection
	GlobalSection(SolutionProperties) = preSolution
		HideSolutionNode = FALSE
	EndGlobalSection
	GlobalSection(ExtensibilityGlobals) = postSolution
		SolutionGuid = {32CFCE47-8C5C-4E17-B597-FE7AFF0AA062}
	EndGlobalSection
EndGlobal
