
Microsoft Visual Studio Solution File, Format Version 12.00
# Visual Studio Version 17
VisualStudioVersion = 17.12.35707.178
MinimumVisualStudioVersion = 10.0.40219.1
Project("{FAE04EC0-301F-11D3-BF4B-00C04F79EFBC}") = "Integration.DevKit.Core", "src\Integration.DevKit.Core\Integration.DevKit.Core.csproj", "{814C760B-813D-4C15-8885-C419A17B5B19}"
EndProject
Project("{FAE04EC0-301F-11D3-BF4B-00C04F79EFBC}") = "Integration.DevKit.RESTApiMgmt", "src\Integration.DevKit.RESTApiMgmt\Integration.DevKit.RESTApiMgmt.csproj", "{87133A8B-AFAD-447A-806F-D8024BDF390D}"
EndProject
Project("{FAE04EC0-301F-11D3-BF4B-00C04F79EFBC}") = "Integration.DevKit.SQLMgmt", "src\Integration.DevKit.SQLMgmt\Integration.DevKit.SQLMgmt.csproj", "{56FE305E-40D7-43BD-9937-146A5F524A9C}"
EndProject
Project("{FAE04EC0-301F-11D3-BF4B-00C04F79EFBC}") = "Integration.DevKit.ProcessLauncher", "src\Integration.DevKit.ProcessLauncher\Integration.DevKit.ProcessLauncher.csproj", "{87E521E9-C31D-426E-88FD-167AB128E798}"
EndProject
Project("{FAE04EC0-301F-11D3-BF4B-00C04F79EFBC}") = "TestApp", "samples\TestApp\TestApp.csproj", "{AF696F54-F789-4F37-8672-2CBE6FB0E98C}"
EndProject
Project("{FAE04EC0-301F-11D3-BF4B-00C04F79EFBC}") = "Integration.DevKit.ThreadLocks", "src\Integration.DevKit.ThreadLocks\Integration.DevKit.ThreadLocks.csproj", "{231CC5FE-BD5A-48C3-BAFF-EBEF2EAF47BF}"
EndProject
Project("{FAE04EC0-301F-11D3-BF4B-00C04F79EFBC}") = "Integration.DevKit.TaskMgmt", "src\Integration.DevKit.TaskMgmt\Integration.DevKit.TaskMgmt.csproj", "{1A88B2AD-B4EB-411A-A56C-FCB2F39FEDFF}"
EndProject
Project("{FAE04EC0-301F-11D3-BF4B-00C04F79EFBC}") = "Integration.DevKit.ThreadSafeItems", "src\Integration.DevKit.ThreadSafeItems\Integration.DevKit.ThreadSafeItems.csproj", "{4801EBCA-71A8-4315-B8E3-C70FDFB51BFF}"
EndProject
Project("{FAE04EC0-301F-11D3-BF4B-00C04F79EFBC}") = "Integration.DevKit.CredentialMgmt", "src\Integration.DevKit.CredentialMgmt\Integration.DevKit.CredentialMgmt.csproj", "{250707CF-9820-43BD-B0BB-76D34844116A}"
EndProject
Project("{FAE04EC0-301F-11D3-BF4B-00C04F79EFBC}") = "Integration.DevKit.RESTApiMgmt.Contracts", "src\Integration.DevKit.RESTApiMgmt.Contracts\Integration.DevKit.RESTApiMgmt.Contracts.csproj", "{03708538-C935-D545-0CA8-F06AB1772AB4}"
EndProject
Project("{FAE04EC0-301F-11D3-BF4B-00C04F79EFBC}") = "Integration.DevKit.CredentialMgmt.Contracts", "src\Integration.DevKit.CredentialMgmt.Contracts\Integration.DevKit.CredentialMgmt.Contracts.csproj", "{C90B7F4D-E900-11DE-0E79-5456DFC0FA1D}"
EndProject
Project("{FAE04EC0-301F-11D3-BF4B-00C04F79EFBC}") = "Integration.DevKit.ProcessLauncher.Contracts", "src\Integration.DevKit.ProcessLauncher.Contracts\Integration.DevKit.ProcessLauncher.Contracts.csproj", "{551AF839-B035-4D84-806C-ACD3C2A03AB5}"
EndProject
Project("{FAE04EC0-301F-11D3-BF4B-00C04F79EFBC}") = "Integration.DevKit.SQLMgmt.Contracts", "src\Integration.DevKit.SQLMgmt.Contracts\Integration.DevKit.SQLMgmt.Contracts.csproj", "{0DAB595E-A959-F18B-410C-19A3B9A2215D}"
EndProject
Project("{FAE04EC0-301F-11D3-BF4B-00C04F79EFBC}") = "Integration.DevKit.TaskMgmt.Contracts", "src\Integration.DevKit.TaskMgmt.Contracts\Integration.DevKit.TaskMgmt.Contracts.csproj", "{6D0B9FB7-17C9-0BA9-3F66-69EFFB30AE3B}"
EndProject
Project("{FAE04EC0-301F-11D3-BF4B-00C04F79EFBC}") = "Integration.DevKit.ThreadLocks.Contracts", "src\Integration.DevKit.ThreadLocks.Contracts\Integration.DevKit.ThreadLocks.Contracts.csproj", "{E746040F-4BEB-579C-D74E-2B3EFAA94BEF}"
EndProject
Project("{2150E333-8FDC-42A3-9474-1A3956D46DE8}") = "Solution Items", "Solution Items", "{8EC462FD-D22E-90A8-E5CE-7E832BA40C5D}"
	ProjectSection(SolutionItems) = preProject
		Integration.DevKit.sln.licenseheader = Integration.DevKit.sln.licenseheader
		LICENSE = LICENSE
	EndProjectSection
EndProject
Project("{2150E333-8FDC-42A3-9474-1A3956D46DE8}") = "src", "src", "{D056A9C0-B94A-4ACA-87FB-3B25DDDC4F14}"
	ProjectSection(SolutionItems) = preProject
		src\.editorconfig = src\.editorconfig
		src\Directory.Build.props = src\Directory.Build.props
	EndProjectSection
EndProject
Project("{2150E333-8FDC-42A3-9474-1A3956D46DE8}") = "docs", "docs", "{02EA681E-C7D8-13C7-8484-4AC65E1B71E8}"
	ProjectSection(SolutionItems) = preProject
		docs\core.md = docs\core.md
		docs\credential-management.md = docs\credential-management.md
		docs\logging.md = docs\logging.md
		docs\process-launcher.md = docs\process-launcher.md
		docs\README.md = docs\README.md
		docs\rest-api.md = docs\rest-api.md
		docs\sql-management.md = docs\sql-management.md
		docs\task-management.md = docs\task-management.md
		docs\thread-locks.md = docs\thread-locks.md
	EndProjectSection
EndProject
Project("{2150E333-8FDC-42A3-9474-1A3956D46DE8}") = "samples", "samples", "{FAD2E43C-3429-49D3-B20F-C67763773DB5}"
EndProject
Project("{2150E333-8FDC-42A3-9474-1A3956D46DE8}") = "tests", "tests", "{0AB3BF05-4346-4AA6-1389-037BE0695223}"
EndProject
Project("{FAE04EC0-301F-11D3-BF4B-00C04F79EFBC}") = "Integration.DevKit.RESTApiMgmt.Tests", "tests\Integration.DevKit.RESTApiMgmt.Tests\Integration.DevKit.RESTApiMgmt.Tests.csproj", "{80C58EE4-8C09-4F0A-9F41-1CC01F921700}"
EndProject
Project("{FAE04EC0-301F-11D3-BF4B-00C04F79EFBC}") = "Integration.DevKit.Core.Tests", "tests\Integration.DevKit.Core.Tests\Integration.DevKit.Core.Tests.csproj", "{A955C435-E4C3-41D8-89EB-A18B58DF0D94}"
EndProject
Project("{FAE04EC0-301F-11D3-BF4B-00C04F79EFBC}") = "Integration.DevKit.ThreadLocks.Tests", "tests\Integration.DevKit.ThreadLocks.Tests\Integration.DevKit.ThreadLocks.Tests.csproj", "{EECEE3B2-B218-4DC0-8C3B-70B5244B25E5}"
EndProject
Project("{FAE04EC0-301F-11D3-BF4B-00C04F79EFBC}") = "Integration.DevKit.TaskMgmt.Tests", "tests\Integration.DevKit.TaskMgmt.Tests\Integration.DevKit.TaskMgmt.Tests.csproj", "{EAA03D5C-7093-41AD-A31A-094BF0804BB0}"
EndProject
Project("{FAE04EC0-301F-11D3-BF4B-00C04F79EFBC}") = "Integration.DevKit.CredentialMgmt.Tests", "tests\Integration.DevKit.CredentialMgmt.Tests\Integration.DevKit.CredentialMgmt.Tests.csproj", "{681FDEEF-D290-42B6-B154-6DC8B17C9D69}"
EndProject
Project("{FAE04EC0-301F-11D3-BF4B-00C04F79EFBC}") = "Integration.DevKit.SQLMgmt.Tests", "tests\Integration.DevKit.SQLMgmt.Tests\Integration.DevKit.SQLMgmt.Tests.csproj", "{9FF35A4A-F2D2-4021-8C75-314F064E0248}"
EndProject
Global
	GlobalSection(SolutionConfigurationPlatforms) = preSolution
		Debug|Any CPU = Debug|Any CPU
		Debug|x64 = Debug|x64
		Debug|x86 = Debug|x86
		Release|Any CPU = Release|Any CPU
		Release|x64 = Release|x64
		Release|x86 = Release|x86
	EndGlobalSection
	GlobalSection(ProjectConfigurationPlatforms) = postSolution
		{814C760B-813D-4C15-8885-C419A17B5B19}.Debug|Any CPU.ActiveCfg = Debug|Any CPU
		{814C760B-813D-4C15-8885-C419A17B5B19}.Debug|Any CPU.Build.0 = Debug|Any CPU
		{814C760B-813D-4C15-8885-C419A17B5B19}.Debug|x64.ActiveCfg = Debug|Any CPU
		{814C760B-813D-4C15-8885-C419A17B5B19}.Debug|x64.Build.0 = Debug|Any CPU
		{814C760B-813D-4C15-8885-C419A17B5B19}.Debug|x86.ActiveCfg = Debug|Any CPU
		{814C760B-813D-4C15-8885-C419A17B5B19}.Debug|x86.Build.0 = Debug|Any CPU
		{814C760B-813D-4C15-8885-C419A17B5B19}.Release|Any CPU.ActiveCfg = Release|Any CPU
		{814C760B-813D-4C15-8885-C419A17B5B19}.Release|Any CPU.Build.0 = Release|Any CPU
		{814C760B-813D-4C15-8885-C419A17B5B19}.Release|x64.ActiveCfg = Release|Any CPU
		{814C760B-813D-4C15-8885-C419A17B5B19}.Release|x64.Build.0 = Release|Any CPU
		{814C760B-813D-4C15-8885-C419A17B5B19}.Release|x86.ActiveCfg = Release|Any CPU
		{814C760B-813D-4C15-8885-C419A17B5B19}.Release|x86.Build.0 = Release|Any CPU
		{87133A8B-AFAD-447A-806F-D8024BDF390D}.Debug|Any CPU.ActiveCfg = Debug|Any CPU
		{87133A8B-AFAD-447A-806F-D8024BDF390D}.Debug|Any CPU.Build.0 = Debug|Any CPU
		{87133A8B-AFAD-447A-806F-D8024BDF390D}.Debug|x64.ActiveCfg = Debug|Any CPU
		{87133A8B-AFAD-447A-806F-D8024BDF390D}.Debug|x64.Build.0 = Debug|Any CPU
		{87133A8B-AFAD-447A-806F-D8024BDF390D}.Debug|x86.ActiveCfg = Debug|Any CPU
		{87133A8B-AFAD-447A-806F-D8024BDF390D}.Debug|x86.Build.0 = Debug|Any CPU
		{87133A8B-AFAD-447A-806F-D8024BDF390D}.Release|Any CPU.ActiveCfg = Release|Any CPU
		{87133A8B-AFAD-447A-806F-D8024BDF390D}.Release|Any CPU.Build.0 = Release|Any CPU
		{87133A8B-AFAD-447A-806F-D8024BDF390D}.Release|x64.ActiveCfg = Release|Any CPU
		{87133A8B-AFAD-447A-806F-D8024BDF390D}.Release|x64.Build.0 = Release|Any CPU
		{87133A8B-AFAD-447A-806F-D8024BDF390D}.Release|x86.ActiveCfg = Release|Any CPU
		{87133A8B-AFAD-447A-806F-D8024BDF390D}.Release|x86.Build.0 = Release|Any CPU
		{56FE305E-40D7-43BD-9937-146A5F524A9C}.Debug|Any CPU.ActiveCfg = Debug|Any CPU
		{56FE305E-40D7-43BD-9937-146A5F524A9C}.Debug|Any CPU.Build.0 = Debug|Any CPU
		{56FE305E-40D7-43BD-9937-146A5F524A9C}.Debug|x64.ActiveCfg = Debug|Any CPU
		{56FE305E-40D7-43BD-9937-146A5F524A9C}.Debug|x64.Build.0 = Debug|Any CPU
		{56FE305E-40D7-43BD-9937-146A5F524A9C}.Debug|x86.ActiveCfg = Debug|Any CPU
		{56FE305E-40D7-43BD-9937-146A5F524A9C}.Debug|x86.Build.0 = Debug|Any CPU
		{56FE305E-40D7-43BD-9937-146A5F524A9C}.Release|Any CPU.ActiveCfg = Release|Any CPU
		{56FE305E-40D7-43BD-9937-146A5F524A9C}.Release|Any CPU.Build.0 = Release|Any CPU
		{56FE305E-40D7-43BD-9937-146A5F524A9C}.Release|x64.ActiveCfg = Release|Any CPU
		{56FE305E-40D7-43BD-9937-146A5F524A9C}.Release|x64.Build.0 = Release|Any CPU
		{56FE305E-40D7-43BD-9937-146A5F524A9C}.Release|x86.ActiveCfg = Release|Any CPU
		{56FE305E-40D7-43BD-9937-146A5F524A9C}.Release|x86.Build.0 = Release|Any CPU
		{87E521E9-C31D-426E-88FD-167AB128E798}.Debug|Any CPU.ActiveCfg = Debug|Any CPU
		{87E521E9-C31D-426E-88FD-167AB128E798}.Debug|Any CPU.Build.0 = Debug|Any CPU
		{87E521E9-C31D-426E-88FD-167AB128E798}.Debug|x64.ActiveCfg = Debug|Any CPU
		{87E521E9-C31D-426E-88FD-167AB128E798}.Debug|x64.Build.0 = Debug|Any CPU
		{87E521E9-C31D-426E-88FD-167AB128E798}.Debug|x86.ActiveCfg = Debug|Any CPU
		{87E521E9-C31D-426E-88FD-167AB128E798}.Debug|x86.Build.0 = Debug|Any CPU
		{87E521E9-C31D-426E-88FD-167AB128E798}.Release|Any CPU.ActiveCfg = Release|Any CPU
		{87E521E9-C31D-426E-88FD-167AB128E798}.Release|Any CPU.Build.0 = Release|Any CPU
		{87E521E9-C31D-426E-88FD-167AB128E798}.Release|x64.ActiveCfg = Release|Any CPU
		{87E521E9-C31D-426E-88FD-167AB128E798}.Release|x64.Build.0 = Release|Any CPU
		{87E521E9-C31D-426E-88FD-167AB128E798}.Release|x86.ActiveCfg = Release|Any CPU
		{87E521E9-C31D-426E-88FD-167AB128E798}.Release|x86.Build.0 = Release|Any CPU
		{AF696F54-F789-4F37-8672-2CBE6FB0E98C}.Debug|Any CPU.ActiveCfg = Debug|Any CPU
		{AF696F54-F789-4F37-8672-2CBE6FB0E98C}.Debug|Any CPU.Build.0 = Debug|Any CPU
		{AF696F54-F789-4F37-8672-2CBE6FB0E98C}.Debug|x64.ActiveCfg = Debug|Any CPU
		{AF696F54-F789-4F37-8672-2CBE6FB0E98C}.Debug|x64.Build.0 = Debug|Any CPU
		{AF696F54-F789-4F37-8672-2CBE6FB0E98C}.Debug|x86.ActiveCfg = Debug|Any CPU
		{AF696F54-F789-4F37-8672-2CBE6FB0E98C}.Debug|x86.Build.0 = Debug|Any CPU
		{AF696F54-F789-4F37-8672-2CBE6FB0E98C}.Release|Any CPU.ActiveCfg = Release|Any CPU
		{AF696F54-F789-4F37-8672-2CBE6FB0E98C}.Release|Any CPU.Build.0 = Release|Any CPU
		{AF696F54-F789-4F37-8672-2CBE6FB0E98C}.Release|x64.ActiveCfg = Release|Any CPU
		{AF696F54-F789-4F37-8672-2CBE6FB0E98C}.Release|x64.Build.0 = Release|Any CPU
		{AF696F54-F789-4F37-8672-2CBE6FB0E98C}.Release|x86.ActiveCfg = Release|Any CPU
		{AF696F54-F789-4F37-8672-2CBE6FB0E98C}.Release|x86.Build.0 = Release|Any CPU
		{231CC5FE-BD5A-48C3-BAFF-EBEF2EAF47BF}.Debug|Any CPU.ActiveCfg = Debug|Any CPU
		{231CC5FE-BD5A-48C3-BAFF-EBEF2EAF47BF}.Debug|Any CPU.Build.0 = Debug|Any CPU
		{231CC5FE-BD5A-48C3-BAFF-EBEF2EAF47BF}.Debug|x64.ActiveCfg = Debug|Any CPU
		{231CC5FE-BD5A-48C3-BAFF-EBEF2EAF47BF}.Debug|x64.Build.0 = Debug|Any CPU
		{231CC5FE-BD5A-48C3-BAFF-EBEF2EAF47BF}.Debug|x86.ActiveCfg = Debug|Any CPU
		{231CC5FE-BD5A-48C3-BAFF-EBEF2EAF47BF}.Debug|x86.Build.0 = Debug|Any CPU
		{231CC5FE-BD5A-48C3-BAFF-EBEF2EAF47BF}.Release|Any CPU.ActiveCfg = Release|Any CPU
		{231CC5FE-BD5A-48C3-BAFF-EBEF2EAF47BF}.Release|Any CPU.Build.0 = Release|Any CPU
		{231CC5FE-BD5A-48C3-BAFF-EBEF2EAF47BF}.Release|x64.ActiveCfg = Release|Any CPU
		{231CC5FE-BD5A-48C3-BAFF-EBEF2EAF47BF}.Release|x64.Build.0 = Release|Any CPU
		{231CC5FE-BD5A-48C3-BAFF-EBEF2EAF47BF}.Release|x86.ActiveCfg = Release|Any CPU
		{231CC5FE-BD5A-48C3-BAFF-EBEF2EAF47BF}.Release|x86.Build.0 = Release|Any CPU
		{1A88B2AD-B4EB-411A-A56C-FCB2F39FEDFF}.Debug|Any CPU.ActiveCfg = Debug|Any CPU
		{1A88B2AD-B4EB-411A-A56C-FCB2F39FEDFF}.Debug|Any CPU.Build.0 = Debug|Any CPU
		{1A88B2AD-B4EB-411A-A56C-FCB2F39FEDFF}.Debug|x64.ActiveCfg = Debug|Any CPU
		{1A88B2AD-B4EB-411A-A56C-FCB2F39FEDFF}.Debug|x64.Build.0 = Debug|Any CPU
		{1A88B2AD-B4EB-411A-A56C-FCB2F39FEDFF}.Debug|x86.ActiveCfg = Debug|Any CPU
		{1A88B2AD-B4EB-411A-A56C-FCB2F39FEDFF}.Debug|x86.Build.0 = Debug|Any CPU
		{1A88B2AD-B4EB-411A-A56C-FCB2F39FEDFF}.Release|Any CPU.ActiveCfg = Release|Any CPU
		{1A88B2AD-B4EB-411A-A56C-FCB2F39FEDFF}.Release|Any CPU.Build.0 = Release|Any CPU
		{1A88B2AD-B4EB-411A-A56C-FCB2F39FEDFF}.Release|x64.ActiveCfg = Release|Any CPU
		{1A88B2AD-B4EB-411A-A56C-FCB2F39FEDFF}.Release|x64.Build.0 = Release|Any CPU
		{1A88B2AD-B4EB-411A-A56C-FCB2F39FEDFF}.Release|x86.ActiveCfg = Release|Any CPU
		{1A88B2AD-B4EB-411A-A56C-FCB2F39FEDFF}.Release|x86.Build.0 = Release|Any CPU
		{4801EBCA-71A8-4315-B8E3-C70FDFB51BFF}.Debug|Any CPU.ActiveCfg = Debug|Any CPU
		{4801EBCA-71A8-4315-B8E3-C70FDFB51BFF}.Debug|Any CPU.Build.0 = Debug|Any CPU
		{4801EBCA-71A8-4315-B8E3-C70FDFB51BFF}.Debug|x64.ActiveCfg = Debug|Any CPU
		{4801EBCA-71A8-4315-B8E3-C70FDFB51BFF}.Debug|x64.Build.0 = Debug|Any CPU
		{4801EBCA-71A8-4315-B8E3-C70FDFB51BFF}.Debug|x86.ActiveCfg = Debug|Any CPU
		{4801EBCA-71A8-4315-B8E3-C70FDFB51BFF}.Debug|x86.Build.0 = Debug|Any CPU
		{4801EBCA-71A8-4315-B8E3-C70FDFB51BFF}.Release|Any CPU.ActiveCfg = Release|Any CPU
		{4801EBCA-71A8-4315-B8E3-C70FDFB51BFF}.Release|Any CPU.Build.0 = Release|Any CPU
		{4801EBCA-71A8-4315-B8E3-C70FDFB51BFF}.Release|x64.ActiveCfg = Release|Any CPU
		{4801EBCA-71A8-4315-B8E3-C70FDFB51BFF}.Release|x64.Build.0 = Release|Any CPU
		{4801EBCA-71A8-4315-B8E3-C70FDFB51BFF}.Release|x86.ActiveCfg = Release|Any CPU
		{4801EBCA-71A8-4315-B8E3-C70FDFB51BFF}.Release|x86.Build.0 = Release|Any CPU
		{250707CF-9820-43BD-B0BB-76D34844116A}.Debug|Any CPU.ActiveCfg = Debug|Any CPU
		{250707CF-9820-43BD-B0BB-76D34844116A}.Debug|Any CPU.Build.0 = Debug|Any CPU
		{250707CF-9820-43BD-B0BB-76D34844116A}.Debug|x64.ActiveCfg = Debug|Any CPU
		{250707CF-9820-43BD-B0BB-76D34844116A}.Debug|x64.Build.0 = Debug|Any CPU
		{250707CF-9820-43BD-B0BB-76D34844116A}.Debug|x86.ActiveCfg = Debug|Any CPU
		{250707CF-9820-43BD-B0BB-76D34844116A}.Debug|x86.Build.0 = Debug|Any CPU
		{250707CF-9820-43BD-B0BB-76D34844116A}.Release|Any CPU.ActiveCfg = Release|Any CPU
		{250707CF-9820-43BD-B0BB-76D34844116A}.Release|Any CPU.Build.0 = Release|Any CPU
		{250707CF-9820-43BD-B0BB-76D34844116A}.Release|x64.ActiveCfg = Release|Any CPU
		{250707CF-9820-43BD-B0BB-76D34844116A}.Release|x64.Build.0 = Release|Any CPU
		{250707CF-9820-43BD-B0BB-76D34844116A}.Release|x86.ActiveCfg = Release|Any CPU
		{250707CF-9820-43BD-B0BB-76D34844116A}.Release|x86.Build.0 = Release|Any CPU
		{03708538-C935-D545-0CA8-F06AB1772AB4}.Debug|Any CPU.ActiveCfg = Debug|Any CPU
		{03708538-C935-D545-0CA8-F06AB1772AB4}.Debug|Any CPU.Build.0 = Debug|Any CPU
		{03708538-C935-D545-0CA8-F06AB1772AB4}.Debug|x64.ActiveCfg = Debug|Any CPU
		{03708538-C935-D545-0CA8-F06AB1772AB4}.Debug|x64.Build.0 = Debug|Any CPU
		{03708538-C935-D545-0CA8-F06AB1772AB4}.Debug|x86.ActiveCfg = Debug|Any CPU
		{03708538-C935-D545-0CA8-F06AB1772AB4}.Debug|x86.Build.0 = Debug|Any CPU
		{03708538-C935-D545-0CA8-F06AB1772AB4}.Release|Any CPU.ActiveCfg = Release|Any CPU
		{03708538-C935-D545-0CA8-F06AB1772AB4}.Release|Any CPU.Build.0 = Release|Any CPU
		{03708538-C935-D545-0CA8-F06AB1772AB4}.Release|x64.ActiveCfg = Release|Any CPU
		{03708538-C935-D545-0CA8-F06AB1772AB4}.Release|x64.Build.0 = Release|Any CPU
		{03708538-C935-D545-0CA8-F06AB1772AB4}.Release|x86.ActiveCfg = Release|Any CPU
		{03708538-C935-D545-0CA8-F06AB1772AB4}.Release|x86.Build.0 = Release|Any CPU
		{C90B7F4D-E900-11DE-0E79-5456DFC0FA1D}.Debug|Any CPU.ActiveCfg = Debug|Any CPU
		{C90B7F4D-E900-11DE-0E79-5456DFC0FA1D}.Debug|Any CPU.Build.0 = Debug|Any CPU
		{C90B7F4D-E900-11DE-0E79-5456DFC0FA1D}.Debug|x64.ActiveCfg = Debug|Any CPU
		{C90B7F4D-E900-11DE-0E79-5456DFC0FA1D}.Debug|x64.Build.0 = Debug|Any CPU
		{C90B7F4D-E900-11DE-0E79-5456DFC0FA1D}.Debug|x86.ActiveCfg = Debug|Any CPU
		{C90B7F4D-E900-11DE-0E79-5456DFC0FA1D}.Debug|x86.Build.0 = Debug|Any CPU
		{C90B7F4D-E900-11DE-0E79-5456DFC0FA1D}.Release|Any CPU.ActiveCfg = Release|Any CPU
		{C90B7F4D-E900-11DE-0E79-5456DFC0FA1D}.Release|Any CPU.Build.0 = Release|Any CPU
		{C90B7F4D-E900-11DE-0E79-5456DFC0FA1D}.Release|x64.ActiveCfg = Release|Any CPU
		{C90B7F4D-E900-11DE-0E79-5456DFC0FA1D}.Release|x64.Build.0 = Release|Any CPU
		{C90B7F4D-E900-11DE-0E79-5456DFC0FA1D}.Release|x86.ActiveCfg = Release|Any CPU
		{C90B7F4D-E900-11DE-0E79-5456DFC0FA1D}.Release|x86.Build.0 = Release|Any CPU
		{551AF839-B035-4D84-806C-ACD3C2A03AB5}.Debug|Any CPU.ActiveCfg = Debug|Any CPU
		{551AF839-B035-4D84-806C-ACD3C2A03AB5}.Debug|Any CPU.Build.0 = Debug|Any CPU
		{551AF839-B035-4D84-806C-ACD3C2A03AB5}.Debug|x64.ActiveCfg = Debug|Any CPU
		{551AF839-B035-4D84-806C-ACD3C2A03AB5}.Debug|x64.Build.0 = Debug|Any CPU
		{551AF839-B035-4D84-806C-ACD3C2A03AB5}.Debug|x86.ActiveCfg = Debug|Any CPU
		{551AF839-B035-4D84-806C-ACD3C2A03AB5}.Debug|x86.Build.0 = Debug|Any CPU
		{551AF839-B035-4D84-806C-ACD3C2A03AB5}.Release|Any CPU.ActiveCfg = Release|Any CPU
		{551AF839-B035-4D84-806C-ACD3C2A03AB5}.Release|Any CPU.Build.0 = Release|Any CPU
		{551AF839-B035-4D84-806C-ACD3C2A03AB5}.Release|x64.ActiveCfg = Release|Any CPU
		{551AF839-B035-4D84-806C-ACD3C2A03AB5}.Release|x64.Build.0 = Release|Any CPU
		{551AF839-B035-4D84-806C-ACD3C2A03AB5}.Release|x86.ActiveCfg = Release|Any CPU
		{551AF839-B035-4D84-806C-ACD3C2A03AB5}.Release|x86.Build.0 = Release|Any CPU
		{0DAB595E-A959-F18B-410C-19A3B9A2215D}.Debug|Any CPU.ActiveCfg = Debug|Any CPU
		{0DAB595E-A959-F18B-410C-19A3B9A2215D}.Debug|Any CPU.Build.0 = Debug|Any CPU
		{0DAB595E-A959-F18B-410C-19A3B9A2215D}.Debug|x64.ActiveCfg = Debug|Any CPU
		{0DAB595E-A959-F18B-410C-19A3B9A2215D}.Debug|x64.Build.0 = Debug|Any CPU
		{0DAB595E-A959-F18B-410C-19A3B9A2215D}.Debug|x86.ActiveCfg = Debug|Any CPU
		{0DAB595E-A959-F18B-410C-19A3B9A2215D}.Debug|x86.Build.0 = Debug|Any CPU
		{0DAB595E-A959-F18B-410C-19A3B9A2215D}.Release|Any CPU.ActiveCfg = Release|Any CPU
		{0DAB595E-A959-F18B-410C-19A3B9A2215D}.Release|Any CPU.Build.0 = Release|Any CPU
		{0DAB595E-A959-F18B-410C-19A3B9A2215D}.Release|x64.ActiveCfg = Release|Any CPU
		{0DAB595E-A959-F18B-410C-19A3B9A2215D}.Release|x64.Build.0 = Release|Any CPU
		{0DAB595E-A959-F18B-410C-19A3B9A2215D}.Release|x86.ActiveCfg = Release|Any CPU
		{0DAB595E-A959-F18B-410C-19A3B9A2215D}.Release|x86.Build.0 = Release|Any CPU
		{6D0B9FB7-17C9-0BA9-3F66-69EFFB30AE3B}.Debug|Any CPU.ActiveCfg = Debug|Any CPU
		{6D0B9FB7-17C9-0BA9-3F66-69EFFB30AE3B}.Debug|Any CPU.Build.0 = Debug|Any CPU
		{6D0B9FB7-17C9-0BA9-3F66-69EFFB30AE3B}.Debug|x64.ActiveCfg = Debug|Any CPU
		{6D0B9FB7-17C9-0BA9-3F66-69EFFB30AE3B}.Debug|x64.Build.0 = Debug|Any CPU
		{6D0B9FB7-17C9-0BA9-3F66-69EFFB30AE3B}.Debug|x86.ActiveCfg = Debug|Any CPU
		{6D0B9FB7-17C9-0BA9-3F66-69EFFB30AE3B}.Debug|x86.Build.0 = Debug|Any CPU
		{6D0B9FB7-17C9-0BA9-3F66-69EFFB30AE3B}.Release|Any CPU.ActiveCfg = Release|Any CPU
		{6D0B9FB7-17C9-0BA9-3F66-69EFFB30AE3B}.Release|Any CPU.Build.0 = Release|Any CPU
		{6D0B9FB7-17C9-0BA9-3F66-69EFFB30AE3B}.Release|x64.ActiveCfg = Release|Any CPU
		{6D0B9FB7-17C9-0BA9-3F66-69EFFB30AE3B}.Release|x64.Build.0 = Release|Any CPU
		{6D0B9FB7-17C9-0BA9-3F66-69EFFB30AE3B}.Release|x86.ActiveCfg = Release|Any CPU
		{6D0B9FB7-17C9-0BA9-3F66-69EFFB30AE3B}.Release|x86.Build.0 = Release|Any CPU
		{E746040F-4BEB-579C-D74E-2B3EFAA94BEF}.Debug|Any CPU.ActiveCfg = Debug|Any CPU
		{E746040F-4BEB-579C-D74E-2B3EFAA94BEF}.Debug|Any CPU.Build.0 = Debug|Any CPU
		{E746040F-4BEB-579C-D74E-2B3EFAA94BEF}.Debug|x64.ActiveCfg = Debug|Any CPU
		{E746040F-4BEB-579C-D74E-2B3EFAA94BEF}.Debug|x64.Build.0 = Debug|Any CPU
		{E746040F-4BEB-579C-D74E-2B3EFAA94BEF}.Debug|x86.ActiveCfg = Debug|Any CPU
		{E746040F-4BEB-579C-D74E-2B3EFAA94BEF}.Debug|x86.Build.0 = Debug|Any CPU
		{E746040F-4BEB-579C-D74E-2B3EFAA94BEF}.Release|Any CPU.ActiveCfg = Release|Any CPU
		{E746040F-4BEB-579C-D74E-2B3EFAA94BEF}.Release|Any CPU.Build.0 = Release|Any CPU
		{E746040F-4BEB-579C-D74E-2B3EFAA94BEF}.Release|x64.ActiveCfg = Release|Any CPU
		{E746040F-4BEB-579C-D74E-2B3EFAA94BEF}.Release|x64.Build.0 = Release|Any CPU
		{E746040F-4BEB-579C-D74E-2B3EFAA94BEF}.Release|x86.ActiveCfg = Release|Any CPU
		{E746040F-4BEB-579C-D74E-2B3EFAA94BEF}.Release|x86.Build.0 = Release|Any CPU
		{80C58EE4-8C09-4F0A-9F41-1CC01F921700}.Debug|Any CPU.ActiveCfg = Debug|Any CPU
		{80C58EE4-8C09-4F0A-9F41-1CC01F921700}.Debug|Any CPU.Build.0 = Debug|Any CPU
		{80C58EE4-8C09-4F0A-9F41-1CC01F921700}.Debug|x64.ActiveCfg = Debug|Any CPU
		{80C58EE4-8C09-4F0A-9F41-1CC01F921700}.Debug|x64.Build.0 = Debug|Any CPU
		{80C58EE4-8C09-4F0A-9F41-1CC01F921700}.Debug|x86.ActiveCfg = Debug|Any CPU
		{80C58EE4-8C09-4F0A-9F41-1CC01F921700}.Debug|x86.Build.0 = Debug|Any CPU
		{80C58EE4-8C09-4F0A-9F41-1CC01F921700}.Release|Any CPU.ActiveCfg = Release|Any CPU
		{80C58EE4-8C09-4F0A-9F41-1CC01F921700}.Release|Any CPU.Build.0 = Release|Any CPU
		{80C58EE4-8C09-4F0A-9F41-1CC01F921700}.Release|x64.ActiveCfg = Release|Any CPU
		{80C58EE4-8C09-4F0A-9F41-1CC01F921700}.Release|x64.Build.0 = Release|Any CPU
		{80C58EE4-8C09-4F0A-9F41-1CC01F921700}.Release|x86.ActiveCfg = Release|Any CPU
		{80C58EE4-8C09-4F0A-9F41-1CC01F921700}.Release|x86.Build.0 = Release|Any CPU
		{A955C435-E4C3-41D8-89EB-A18B58DF0D94}.Debug|Any CPU.ActiveCfg = Debug|Any CPU
		{A955C435-E4C3-41D8-89EB-A18B58DF0D94}.Debug|Any CPU.Build.0 = Debug|Any CPU
		{A955C435-E4C3-41D8-89EB-A18B58DF0D94}.Debug|x64.ActiveCfg = Debug|Any CPU
		{A955C435-E4C3-41D8-89EB-A18B58DF0D94}.Debug|x64.Build.0 = Debug|Any CPU
		{A955C435-E4C3-41D8-89EB-A18B58DF0D94}.Debug|x86.ActiveCfg = Debug|Any CPU
		{A955C435-E4C3-41D8-89EB-A18B58DF0D94}.Debug|x86.Build.0 = Debug|Any CPU
		{A955C435-E4C3-41D8-89EB-A18B58DF0D94}.Release|Any CPU.ActiveCfg = Release|Any CPU
		{A955C435-E4C3-41D8-89EB-A18B58DF0D94}.Release|Any CPU.Build.0 = Release|Any CPU
		{A955C435-E4C3-41D8-89EB-A18B58DF0D94}.Release|x64.ActiveCfg = Release|Any CPU
		{A955C435-E4C3-41D8-89EB-A18B58DF0D94}.Release|x64.Build.0 = Release|Any CPU
		{A955C435-E4C3-41D8-89EB-A18B58DF0D94}.Release|x86.ActiveCfg = Release|Any CPU
		{A955C435-E4C3-41D8-89EB-A18B58DF0D94}.Release|x86.Build.0 = Release|Any CPU
		{EECEE3B2-B218-4DC0-8C3B-70B5244B25E5}.Debug|Any CPU.ActiveCfg = Debug|Any CPU
		{EECEE3B2-B218-4DC0-8C3B-70B5244B25E5}.Debug|Any CPU.Build.0 = Debug|Any CPU
		{EECEE3B2-B218-4DC0-8C3B-70B5244B25E5}.Debug|x64.ActiveCfg = Debug|Any CPU
		{EECEE3B2-B218-4DC0-8C3B-70B5244B25E5}.Debug|x64.Build.0 = Debug|Any CPU
		{EECEE3B2-B218-4DC0-8C3B-70B5244B25E5}.Debug|x86.ActiveCfg = Debug|Any CPU
		{EECEE3B2-B218-4DC0-8C3B-70B5244B25E5}.Debug|x86.Build.0 = Debug|Any CPU
		{EECEE3B2-B218-4DC0-8C3B-70B5244B25E5}.Release|Any CPU.ActiveCfg = Release|Any CPU
		{EECEE3B2-B218-4DC0-8C3B-70B5244B25E5}.Release|Any CPU.Build.0 = Release|Any CPU
		{EECEE3B2-B218-4DC0-8C3B-70B5244B25E5}.Release|x64.ActiveCfg = Release|Any CPU
		{EECEE3B2-B218-4DC0-8C3B-70B5244B25E5}.Release|x64.Build.0 = Release|Any CPU
		{EECEE3B2-B218-4DC0-8C3B-70B5244B25E5}.Release|x86.ActiveCfg = Release|Any CPU
		{EECEE3B2-B218-4DC0-8C3B-70B5244B25E5}.Release|x86.Build.0 = Release|Any CPU
		{EAA03D5C-7093-41AD-A31A-094BF0804BB0}.Debug|Any CPU.ActiveCfg = Debug|Any CPU
		{EAA03D5C-7093-41AD-A31A-094BF0804BB0}.Debug|Any CPU.Build.0 = Debug|Any CPU
		{EAA03D5C-7093-41AD-A31A-094BF0804BB0}.Debug|x64.ActiveCfg = Debug|Any CPU
		{EAA03D5C-7093-41AD-A31A-094BF0804BB0}.Debug|x64.Build.0 = Debug|Any CPU
		{EAA03D5C-7093-41AD-A31A-094BF0804BB0}.Debug|x86.ActiveCfg = Debug|Any CPU
		{EAA03D5C-7093-41AD-A31A-094BF0804BB0}.Debug|x86.Build.0 = Debug|Any CPU
		{EAA03D5C-7093-41AD-A31A-094BF0804BB0}.Release|Any CPU.ActiveCfg = Release|Any CPU
		{EAA03D5C-7093-41AD-A31A-094BF0804BB0}.Release|Any CPU.Build.0 = Release|Any CPU
		{EAA03D5C-7093-41AD-A31A-094BF0804BB0}.Release|x64.ActiveCfg = Release|Any CPU
		{EAA03D5C-7093-41AD-A31A-094BF0804BB0}.Release|x64.Build.0 = Release|Any CPU
		{EAA03D5C-7093-41AD-A31A-094BF0804BB0}.Release|x86.ActiveCfg = Release|Any CPU
		{EAA03D5C-7093-41AD-A31A-094BF0804BB0}.Release|x86.Build.0 = Release|Any CPU
		{681FDEEF-D290-42B6-B154-6DC8B17C9D69}.Debug|Any CPU.ActiveCfg = Debug|Any CPU
		{681FDEEF-D290-42B6-B154-6DC8B17C9D69}.Debug|Any CPU.Build.0 = Debug|Any CPU
		{681FDEEF-D290-42B6-B154-6DC8B17C9D69}.Debug|x64.ActiveCfg = Debug|Any CPU
		{681FDEEF-D290-42B6-B154-6DC8B17C9D69}.Debug|x64.Build.0 = Debug|Any CPU
		{681FDEEF-D290-42B6-B154-6DC8B17C9D69}.Debug|x86.ActiveCfg = Debug|Any CPU
		{681FDEEF-D290-42B6-B154-6DC8B17C9D69}.Debug|x86.Build.0 = Debug|Any CPU
		{681FDEEF-D290-42B6-B154-6DC8B17C9D69}.Release|Any CPU.ActiveCfg = Release|Any CPU
		{681FDEEF-D290-42B6-B154-6DC8B17C9D69}.Release|Any CPU.Build.0 = Release|Any CPU
		{681FDEEF-D290-42B6-B154-6DC8B17C9D69}.Release|x64.ActiveCfg = Release|Any CPU
		{681FDEEF-D290-42B6-B154-6DC8B17C9D69}.Release|x64.Build.0 = Release|Any CPU
		{681FDEEF-D290-42B6-B154-6DC8B17C9D69}.Release|x86.ActiveCfg = Release|Any CPU
		{681FDEEF-D290-42B6-B154-6DC8B17C9D69}.Release|x86.Build.0 = Release|Any CPU
		{9FF35A4A-F2D2-4021-8C75-314F064E0248}.Debug|Any CPU.ActiveCfg = Debug|Any CPU
		{9FF35A4A-F2D2-4021-8C75-314F064E0248}.Debug|Any CPU.Build.0 = Debug|Any CPU
		{9FF35A4A-F2D2-4021-8C75-314F064E0248}.Debug|x64.ActiveCfg = Debug|Any CPU
		{9FF35A4A-F2D2-4021-8C75-314F064E0248}.Debug|x64.Build.0 = Debug|Any CPU
		{9FF35A4A-F2D2-4021-8C75-314F064E0248}.Debug|x86.ActiveCfg = Debug|Any CPU
		{9FF35A4A-F2D2-4021-8C75-314F064E0248}.Debug|x86.Build.0 = Debug|Any CPU
		{9FF35A4A-F2D2-4021-8C75-314F064E0248}.Release|Any CPU.ActiveCfg = Release|Any CPU
		{9FF35A4A-F2D2-4021-8C75-314F064E0248}.Release|Any CPU.Build.0 = Release|Any CPU
		{9FF35A4A-F2D2-4021-8C75-314F064E0248}.Release|x64.ActiveCfg = Release|Any CPU
		{9FF35A4A-F2D2-4021-8C75-314F064E0248}.Release|x64.Build.0 = Release|Any CPU
		{9FF35A4A-F2D2-4021-8C75-314F064E0248}.Release|x86.ActiveCfg = Release|Any CPU
		{9FF35A4A-F2D2-4021-8C75-314F064E0248}.Release|x86.Build.0 = Release|Any CPU
	EndGlobalSection
	GlobalSection(SolutionProperties) = preSolution
		HideSolutionNode = FALSE
	EndGlobalSection
	GlobalSection(NestedProjects) = preSolution
		{814C760B-813D-4C15-8885-C419A17B5B19} = {D056A9C0-B94A-4ACA-87FB-3B25DDDC4F14}
		{87133A8B-AFAD-447A-806F-D8024BDF390D} = {D056A9C0-B94A-4ACA-87FB-3B25DDDC4F14}
		{56FE305E-40D7-43BD-9937-146A5F524A9C} = {D056A9C0-B94A-4ACA-87FB-3B25DDDC4F14}
		{87E521E9-C31D-426E-88FD-167AB128E798} = {D056A9C0-B94A-4ACA-87FB-3B25DDDC4F14}
		{AF696F54-F789-4F37-8672-2CBE6FB0E98C} = {FAD2E43C-3429-49D3-B20F-C67763773DB5}
		{231CC5FE-BD5A-48C3-BAFF-EBEF2EAF47BF} = {D056A9C0-B94A-4ACA-87FB-3B25DDDC4F14}
		{1A88B2AD-B4EB-411A-A56C-FCB2F39FEDFF} = {D056A9C0-B94A-4ACA-87FB-3B25DDDC4F14}
		{4801EBCA-71A8-4315-B8E3-C70FDFB51BFF} = {D056A9C0-B94A-4ACA-87FB-3B25DDDC4F14}
		{250707CF-9820-43BD-B0BB-76D34844116A} = {D056A9C0-B94A-4ACA-87FB-3B25DDDC4F14}
		{03708538-C935-D545-0CA8-F06AB1772AB4} = {D056A9C0-B94A-4ACA-87FB-3B25DDDC4F14}
		{C90B7F4D-E900-11DE-0E79-5456DFC0FA1D} = {D056A9C0-B94A-4ACA-87FB-3B25DDDC4F14}
		{551AF839-B035-4D84-806C-ACD3C2A03AB5} = {D056A9C0-B94A-4ACA-87FB-3B25DDDC4F14}
		{0DAB595E-A959-F18B-410C-19A3B9A2215D} = {D056A9C0-B94A-4ACA-87FB-3B25DDDC4F14}
		{6D0B9FB7-17C9-0BA9-3F66-69EFFB30AE3B} = {D056A9C0-B94A-4ACA-87FB-3B25DDDC4F14}
		{E746040F-4BEB-579C-D74E-2B3EFAA94BEF} = {D056A9C0-B94A-4ACA-87FB-3B25DDDC4F14}
		{D056A9C0-B94A-4ACA-87FB-3B25DDDC4F14} = {8EC462FD-D22E-90A8-E5CE-7E832BA40C5D}
		{02EA681E-C7D8-13C7-8484-4AC65E1B71E8} = {8EC462FD-D22E-90A8-E5CE-7E832BA40C5D}
		{FAD2E43C-3429-49D3-B20F-C67763773DB5} = {8EC462FD-D22E-90A8-E5CE-7E832BA40C5D}
		{80C58EE4-8C09-4F0A-9F41-1CC01F921700} = {0AB3BF05-4346-4AA6-1389-037BE0695223}
		{A955C435-E4C3-41D8-89EB-A18B58DF0D94} = {0AB3BF05-4346-4AA6-1389-037BE0695223}
		{EECEE3B2-B218-4DC0-8C3B-70B5244B25E5} = {0AB3BF05-4346-4AA6-1389-037BE0695223}
		{EAA03D5C-7093-41AD-A31A-094BF0804BB0} = {0AB3BF05-4346-4AA6-1389-037BE0695223}
		{681FDEEF-D290-42B6-B154-6DC8B17C9D69} = {0AB3BF05-4346-4AA6-1389-037BE0695223}
		{9FF35A4A-F2D2-4021-8C75-314F064E0248} = {0AB3BF05-4346-4AA6-1389-037BE0695223}
	EndGlobalSection
	GlobalSection(ExtensibilityGlobals) = postSolution
		SolutionGuid = {32CFCE47-8C5C-4E17-B597-FE7AFF0AA062}
	EndGlobalSection
EndGlobal
